
Microsoft Visual Studio Solution File, Format Version 12.00
# Visual Studio Version 16
VisualStudioVersion = 16.0.31624.102
MinimumVisualStudioVersion = 10.0.40219.1
Project("{FAE04EC0-301F-11D3-BF4B-00C04F79EFBC}") = "PayroolAPI", "PayroolAPI.csproj", "{067B70F7-E13E-4B72-B314-269C1A98F8E9}"
EndProject
Global
	GlobalSection(SolutionConfigurationPlatforms) = preSolution
		Debug|Any CPU = Debug|Any CPU
		Release|Any CPU = Release|Any CPU
	EndGlobalSection
	GlobalSection(ProjectConfigurationPlatforms) = postSolution
		{067B70F7-E13E-4B72-B314-269C1A98F8E9}.Debug|Any CPU.ActiveCfg = Debug|Any CPU
		{067B70F7-E13E-4B72-B314-269C1A98F8E9}.Debug|Any CPU.Build.0 = Debug|Any CPU
		{067B70F7-E13E-4B72-B314-269C1A98F8E9}.Release|Any CPU.ActiveCfg = Release|Any CPU
		{067B70F7-E13E-4B72-B314-269C1A98F8E9}.Release|Any CPU.Build.0 = Release|Any CPU
	EndGlobalSection
	GlobalSection(SolutionProperties) = preSolution
		HideSolutionNode = FALSE
	EndGlobalSection
	GlobalSection(ExtensibilityGlobals) = postSolution
		SolutionGuid = {BE74717C-ECD6-4DBE-916C-262631D49756}
	EndGlobalSection
EndGlobal
